
Microsoft Visual Studio Solution File, Format Version 12.00
# Visual Studio Version 16
VisualStudioVersion = 16.0.31729.503
MinimumVisualStudioVersion = 10.0.40219.1
Project("{FAE04EC0-301F-11D3-BF4B-00C04F79EFBC}") = "SQL_Proje", "SQL_Proje\SQL_Proje.csproj", "{F035E0A7-6B36-47CC-A378-2C0946CD1540}"
EndProject
Global
	GlobalSection(SolutionConfigurationPlatforms) = preSolution
		Debug|Any CPU = Debug|Any CPU
		Release|Any CPU = Release|Any CPU
	EndGlobalSection
	GlobalSection(ProjectConfigurationPlatforms) = postSolution
		{F035E0A7-6B36-47CC-A378-2C0946CD1540}.Debug|Any CPU.ActiveCfg = Debug|Any CPU
		{F035E0A7-6B36-47CC-A378-2C0946CD1540}.Debug|Any CPU.Build.0 = Debug|Any CPU
		{F035E0A7-6B36-47CC-A378-2C0946CD1540}.Release|Any CPU.ActiveCfg = Release|Any CPU
		{F035E0A7-6B36-47CC-A378-2C0946CD1540}.Release|Any CPU.Build.0 = Release|Any CPU
	EndGlobalSection
	GlobalSection(SolutionProperties) = preSolution
		HideSolutionNode = FALSE
	EndGlobalSection
	GlobalSection(ExtensibilityGlobals) = postSolution
		SolutionGuid = {0A37F1EE-B3BA-4386-88B1-A3D4383AA469}
	EndGlobalSection
EndGlobal
